// !$*UTF8*$!
{
	archiveVersion = 1;
	classes = {
	};
	objectVersion = 50;
	objects = {

/* Begin PBXBuildFile section */
		BA10500823D595E7000F9893 /* AppDelegate.m in Sources */ = {isa = PBXBuildFile; fileRef = BA10500723D595E7000F9893 /* AppDelegate.m */; };
		BA10500B23D595E7000F9893 /* SceneDelegate.m in Sources */ = {isa = PBXBuildFile; fileRef = BA10500A23D595E7000F9893 /* SceneDelegate.m */; };
		BA10500E23D595E7000F9893 /* ViewController.m in Sources */ = {isa = PBXBuildFile; fileRef = BA10500D23D595E7000F9893 /* ViewController.m */; };
		BA10501123D595E7000F9893 /* Main.storyboard in Resources */ = {isa = PBXBuildFile; fileRef = BA10500F23D595E7000F9893 /* Main.storyboard */; };
		BA10501323D595E9000F9893 /* Assets.xcassets in Resources */ = {isa = PBXBuildFile; fileRef = BA10501223D595E9000F9893 /* Assets.xcassets */; };
		BA10501623D595E9000F9893 /* LaunchScreen.storyboard in Resources */ = {isa = PBXBuildFile; fileRef = BA10501423D595E9000F9893 /* LaunchScreen.storyboard */; };
		BA10501923D595E9000F9893 /* main.m in Sources */ = {isa = PBXBuildFile; fileRef = BA10501823D595E9000F9893 /* main.m */; };
		BA10502823D5AD94000F9893 /* AGLKView.m in Sources */ = {isa = PBXBuildFile; fileRef = BA10502723D5AD94000F9893 /* AGLKView.m */; };
		BA10503923D820F7000F9893 /* AGLKViewController.m in Sources */ = {isa = PBXBuildFile; fileRef = BA10503823D820F7000F9893 /* AGLKViewController.m */; };
/* End PBXBuildFile section */

/* Begin PBXFileReference section */
		BA10500323D595E7000F9893 /* Opengles_ch02_02.app */ = {isa = PBXFileReference; explicitFileType = wrapper.application; includeInIndex = 0; path = Opengles_ch02_02.app; sourceTree = BUILT_PRODUCTS_DIR; };
		BA10500623D595E7000F9893 /* AppDelegate.h */ = {isa = PBXFileReference; lastKnownFileType = sourcecode.c.h; path = AppDelegate.h; sourceTree = "<group>"; };
		BA10500723D595E7000F9893 /* AppDelegate.m */ = {isa = PBXFileReference; lastKnownFileType = sourcecode.c.objc; path = AppDelegate.m; sourceTree = "<group>"; };
		BA10500923D595E7000F9893 /* SceneDelegate.h */ = {isa = PBXFileReference; lastKnownFileType = sourcecode.c.h; path = SceneDelegate.h; sourceTree = "<group>"; };
		BA10500A23D595E7000F9893 /* SceneDelegate.m */ = {isa = PBXFileReference; lastKnownFileType = sourcecode.c.objc; path = SceneDelegate.m; sourceTree = "<group>"; };
		BA10500C23D595E7000F9893 /* ViewController.h */ = {isa = PBXFileReference; lastKnownFileType = sourcecode.c.h; path = ViewController.h; sourceTree = "<group>"; };
		BA10500D23D595E7000F9893 /* ViewController.m */ = {isa = PBXFileReference; lastKnownFileType = sourcecode.c.objc; path = ViewController.m; sourceTree = "<group>"; };
		BA10501023D595E7000F9893 /* Base */ = {isa = PBXFileReference; lastKnownFileType = file.storyboard; name = Base; path = Base.lproj/Main.storyboard; sourceTree = "<group>"; };
		BA10501223D595E9000F9893 /* Assets.xcassets */ = {isa = PBXFileReference; lastKnownFileType = folder.assetcatalog; path = Assets.xcassets; sourceTree = "<group>"; };
		BA10501523D595E9000F9893 /* Base */ = {isa = PBXFileReference; lastKnownFileType = file.storyboard; name = Base; path = Base.lproj/LaunchScreen.storyboard; sourceTree = "<group>"; };
		BA10501723D595E9000F9893 /* Info.plist */ = {isa = PBXFileReference; lastKnownFileType = text.plist.xml; path = Info.plist; sourceTree = "<group>"; };
		BA10501823D595E9000F9893 /* main.m */ = {isa = PBXFileReference; lastKnownFileType = sourcecode.c.objc; path = main.m; sourceTree = "<group>"; };
		BA10502623D5AD94000F9893 /* AGLKView.h */ = {isa = PBXFileReference; lastKnownFileType = sourcecode.c.h; path = AGLKView.h; sourceTree = "<group>"; };
		BA10502723D5AD94000F9893 /* AGLKView.m */ = {isa = PBXFileReference; lastKnownFileType = sourcecode.c.objc; path = AGLKView.m; sourceTree = "<group>"; };
		BA10503723D820F7000F9893 /* AGLKViewController.h */ = {isa = PBXFileReference; lastKnownFileType = sourcecode.c.h; path = AGLKViewController.h; sourceTree = "<group>"; };
		BA10503823D820F7000F9893 /* AGLKViewController.m */ = {isa = PBXFileReference; lastKnownFileType = sourcecode.c.objc; path = AGLKViewController.m; sourceTree = "<group>"; };
/* End PBXFileReference section */

/* Begin PBXFrameworksBuildPhase section */
		BA10500023D595E7000F9893 /* Frameworks */ = {
			isa = PBXFrameworksBuildPhase;
			buildActionMask = 2147483647;
			files = (
			);
			runOnlyForDeploymentPostprocessing = 0;
		};
/* End PBXFrameworksBuildPhase section */

/* Begin PBXGroup section */
		BA104FFA23D595E7000F9893 = {
			isa = PBXGroup;
			children = (
				BA10500523D595E7000F9893 /* Opengles_ch02_02 */,
				BA10500423D595E7000F9893 /* Products */,
			);
			sourceTree = "<group>";
		};
		BA10500423D595E7000F9893 /* Products */ = {
			isa = PBXGroup;
			children = (
				BA10500323D595E7000F9893 /* Opengles_ch02_02.app */,
			);
			name = Products;
			sourceTree = "<group>";
		};
		BA10500523D595E7000F9893 /* Opengles_ch02_02 */ = {
			isa = PBXGroup;
			children = (
				BA10500623D595E7000F9893 /* AppDelegate.h */,
				BA10500723D595E7000F9893 /* AppDelegate.m */,
				BA10500923D595E7000F9893 /* SceneDelegate.h */,
				BA10500A23D595E7000F9893 /* SceneDelegate.m */,
				BA10500C23D595E7000F9893 /* ViewController.h */,
				BA10500D23D595E7000F9893 /* ViewController.m */,
				BA10502623D5AD94000F9893 /* AGLKView.h */,
				BA10502723D5AD94000F9893 /* AGLKView.m */,
				BA10503723D820F7000F9893 /* AGLKViewController.h */,
				BA10503823D820F7000F9893 /* AGLKViewController.m */,
				BA10500F23D595E7000F9893 /* Main.storyboard */,
				BA10501223D595E9000F9893 /* Assets.xcassets */,
				BA10501423D595E9000F9893 /* LaunchScreen.storyboard */,
				BA10501723D595E9000F9893 /* Info.plist */,
				BA10501823D595E9000F9893 /* main.m */,
			);
			path = Opengles_ch02_02;
			sourceTree = "<group>";
		};
/* End PBXGroup section */

/* Begin PBXNativeTarget section */
		BA10500223D595E7000F9893 /* Opengles_ch02_02 */ = {
			isa = PBXNativeTarget;
			buildConfigurationList = BA10501C23D595E9000F9893 /* Build configuration list for PBXNativeTarget "Opengles_ch02_02" */;
			buildPhases = (
				BA104FFF23D595E7000F9893 /* Sources */,
				BA10500023D595E7000F9893 /* Frameworks */,
				BA10500123D595E7000F9893 /* Resources */,
			);
			buildRules = (
			);
			dependencies = (
			);
			name = Opengles_ch02_02;
			productName = Opengles_ch02_02;
			productReference = BA10500323D595E7000F9893 /* Opengles_ch02_02.app */;
			productType = "com.apple.product-type.application";
		};
/* End PBXNativeTarget section */

/* Begin PBXProject section */
		BA104FFB23D595E7000F9893 /* Project object */ = {
			isa = PBXProject;
			attributes = {
				LastUpgradeCheck = 1130;
				ORGANIZATIONNAME = "于军振";
				TargetAttributes = {
					BA10500223D595E7000F9893 = {
						CreatedOnToolsVersion = 11.3;
					};
				};
			};
			buildConfigurationList = BA104FFE23D595E7000F9893 /* Build configuration list for PBXProject "Opengles_ch02_02" */;
			compatibilityVersion = "Xcode 9.3";
			developmentRegion = en;
			hasScannedForEncodings = 0;
			knownRegions = (
				en,
				Base,
			);
			mainGroup = BA104FFA23D595E7000F9893;
			productRefGroup = BA10500423D595E7000F9893 /* Products */;
			projectDirPath = "";
			projectRoot = "";
			targets = (
				BA10500223D595E7000F9893 /* Opengles_ch02_02 */,
			);
		};
/* End PBXProject section */

/* Begin PBXResourcesBuildPhase section */
		BA10500123D595E7000F9893 /* Resources */ = {
			isa = PBXResourcesBuildPhase;
			buildActionMask = 2147483647;
			files = (
				BA10501623D595E9000F9893 /* LaunchScreen.storyboard in Resources */,
				BA10501323D595E9000F9893 /* Assets.xcassets in Resources */,
				BA10501123D595E7000F9893 /* Main.storyboard in Resources */,
			);
			runOnlyForDeploymentPostprocessing = 0;
		};
/* End PBXResourcesBuildPhase section */

/* Begin PBXSourcesBuildPhase section */
		BA104FFF23D595E7000F9893 /* Sources */ = {
			isa = PBXSourcesBuildPhase;
			buildActionMask = 2147483647;
			files = (
				BA10502823D5AD94000F9893 /* AGLKView.m in Sources */,
				BA10500E23D595E7000F9893 /* ViewController.m in Sources */,
				BA10500823D595E7000F9893 /* AppDelegate.m in Sources */,
				BA10501923D595E9000F9893 /* main.m in Sources */,
				BA10500B23D595E7000F9893 /* SceneDelegate.m in Sources */,
				BA10503923D820F7000F9893 /* AGLKViewController.m in Sources */,
			);
			runOnlyForDeploymentPostprocessing = 0;
		};
/* End PBXSourcesBuildPhase section */

/* Begin PBXVariantGroup section */
		BA10500F23D595E7000F9893 /* Main.storyboard */ = {
			isa = PBXVariantGroup;
			children = (
				BA10501023D595E7000F9893 /* Base */,
			);
			name = Main.storyboard;
			sourceTree = "<group>";
		};
		BA10501423D595E9000F9893 /* LaunchScreen.storyboard */ = {
			isa = PBXVariantGroup;
			children = (
				BA10501523D595E9000F9893 /* Base */,
			);
			name = LaunchScreen.storyboard;
			sourceTree = "<group>";
		};
/* End PBXVariantGroup section */

/* Begin XCBuildConfiguration section */
		BA10501A23D595E9000F9893 /* Debug */ = {
			isa = XCBuildConfiguration;
			buildSettings = {
				ALWAYS_SEARCH_USER_PATHS = NO;
				CLANG_ANALYZER_NONNULL = YES;
				CLANG_ANALYZER_NUMBER_OBJECT_CONVERSION = YES_AGGRESSIVE;
				CLANG_CXX_LANGUAGE_STANDARD = "gnu++14";
				CLANG_CXX_LIBRARY = "libc++";
				CLANG_ENABLE_MODULES = YES;
				CLANG_ENABLE_OBJC_ARC = YES;
				CLANG_ENABLE_OBJC_WEAK = YES;
				CLANG_WARN_BLOCK_CAPTURE_AUTORELEASING = YES;
				CLANG_WARN_BOOL_CONVERSION = YES;
				CLANG_WARN_COMMA = YES;
				CLANG_WARN_CONSTANT_CONVERSION = YES;
				CLANG_WARN_DEPRECATED_OBJC_IMPLEMENTATIONS = YES;
				CLANG_WARN_DIRECT_OBJC_ISA_USAGE = YES_ERROR;
				CLANG_WARN_DOCUMENTATION_COMMENTS = YES;
				CLANG_WARN_EMPTY_BODY = YES;
				CLANG_WARN_ENUM_CONVERSION = YES;
				CLANG_WARN_INFINITE_RECURSION = YES;
				CLANG_WARN_INT_CONVERSION = YES;
				CLANG_WARN_NON_LITERAL_NULL_CONVERSION = YES;
				CLANG_WARN_OBJC_IMPLICIT_RETAIN_SELF = YES;
				CLANG_WARN_OBJC_LITERAL_CONVERSION = YES;
				CLANG_WARN_OBJC_ROOT_CLASS = YES_ERROR;
				CLANG_WARN_RANGE_LOOP_ANALYSIS = YES;
				CLANG_WARN_STRICT_PROTOTYPES = YES;
				CLANG_WARN_SUSPICIOUS_MOVE = YES;
				CLANG_WARN_UNGUARDED_AVAILABILITY = YES_AGGRESSIVE;
				CLANG_WARN_UNREACHABLE_CODE = YES;
				CLANG_WARN__DUPLICATE_METHOD_MATCH = YES;
				COPY_PHASE_STRIP = NO;
				DEBUG_INFORMATION_FORMAT = dwarf;
				ENABLE_STRICT_OBJC_MSGSEND = YES;
				ENABLE_TESTABILITY = YES;
				GCC_C_LANGUAGE_STANDARD = gnu11;
				GCC_DYNAMIC_NO_PIC = NO;
				GCC_NO_COMMON_BLOCKS = YES;
				GCC_OPTIMIZATION_LEVEL = 0;
				GCC_PREPROCESSOR_DEFINITIONS = (
					"DEBUG=1",
					"$(inherited)",
				);
				GCC_WARN_64_TO_32_BIT_CONVERSION = YES;
				GCC_WARN_ABOUT_RETURN_TYPE = YES_ERROR;
				GCC_WARN_UNDECLARED_SELECTOR = YES;
				GCC_WARN_UNINITIALIZED_AUTOS = YES_AGGRESSIVE;
				GCC_WARN_UNUSED_FUNCTION = YES;
				GCC_WARN_UNUSED_VARIABLE = YES;
				IPHONEOS_DEPLOYMENT_TARGET = 9.0;
				MTL_ENABLE_DEBUG_INFO = INCLUDE_SOURCE;
				MTL_FAST_MATH = YES;
				ONLY_ACTIVE_ARCH = YES;
				SDKROOT = iphoneos;
			};
			name = Debug;
		};
		BA10501B23D595E9000F9893 /* Release */ = {
			isa = XCBuildConfiguration;
			buildSettings = {
				ALWAYS_SEARCH_USER_PATHS = NO;
				CLANG_ANALYZER_NONNULL = YES;
				CLANG_ANALYZER_NUMBER_OBJECT_CONVERSION = YES_AGGRESSIVE;
				CLANG_CXX_LANGUAGE_STANDARD = "gnu++14";
				CLANG_CXX_LIBRARY = "libc++";
				CLANG_ENABLE_MODULES = YES;
				CLANG_ENABLE_OBJC_ARC = YES;
				CLANG_ENABLE_OBJC_WEAK = YES;
				CLANG_WARN_BLOCK_CAPTURE_AUTORELEASING = YES;
				CLANG_WARN_BOOL_CONVERSION = YES;
				CLANG_WARN_COMMA = YES;
				CLANG_WARN_CONSTANT_CONVERSION = YES;
				CLANG_WARN_DEPRECATED_OBJC_IMPLEMENTATIONS = YES;
				CLANG_WARN_DIRECT_OBJC_ISA_USAGE = YES_ERROR;
				CLANG_WARN_DOCUMENTATION_COMMENTS = YES;
				CLANG_WARN_EMPTY_BODY = YES;
				CLANG_WARN_ENUM_CONVERSION = YES;
				CLANG_WARN_INFINITE_RECURSION = YES;
				CLANG_WARN_INT_CONVERSION = YES;
				CLANG_WARN_NON_LITERAL_NULL_CONVERSION = YES;
				CLANG_WARN_OBJC_IMPLICIT_RETAIN_SELF = YES;
				CLANG_WARN_OBJC_LITERAL_CONVERSION = YES;
				CLANG_WARN_OBJC_ROOT_CLASS = YES_ERROR;
				CLANG_WARN_RANGE_LOOP_ANALYSIS = YES;
				CLANG_WARN_STRICT_PROTOTYPES = YES;
				CLANG_WARN_SUSPICIOUS_MOVE = YES;
				CLANG_WARN_UNGUARDED_AVAILABILITY = YES_AGGRESSIVE;
				CLANG_WARN_UNREACHABLE_CODE = YES;
				CLANG_WARN__DUPLICATE_METHOD_MATCH = YES;
				COPY_PHASE_STRIP = NO;
				DEBUG_INFORMATION_FORMAT = "dwarf-with-dsym";
				ENABLE_NS_ASSERTIONS = NO;
				ENABLE_STRICT_OBJC_MSGSEND = YES;
				GCC_C_LANGUAGE_STANDARD = gnu11;
				GCC_NO_COMMON_BLOCKS = YES;
				GCC_WARN_64_TO_32_BIT_CONVERSION = YES;
				GCC_WARN_ABOUT_RETURN_TYPE = YES_ERROR;
				GCC_WARN_UNDECLARED_SELECTOR = YES;
				GCC_WARN_UNINITIALIZED_AUTOS = YES_AGGRESSIVE;
				GCC_WARN_UNUSED_FUNCTION = YES;
				GCC_WARN_UNUSED_VARIABLE = YES;
				IPHONEOS_DEPLOYMENT_TARGET = 9.0;
				MTL_ENABLE_DEBUG_INFO = NO;
				MTL_FAST_MATH = YES;
				SDKROOT = iphoneos;
				VALIDATE_PRODUCT = YES;
			};
			name = Release;
		};
		BA10501D23D595E9000F9893 /* Debug */ = {
			isa = XCBuildConfiguration;
			buildSettings = {
				ASSETCATALOG_COMPILER_APPICON_NAME = AppIcon;
				CODE_SIGN_STYLE = Automatic;
				DEVELOPMENT_TEAM = NLRV94SV3R;
				INFOPLIST_FILE = Opengles_ch02_02/Info.plist;
				IPHONEOS_DEPLOYMENT_TARGET = 9.0;
				LD_RUNPATH_SEARCH_PATHS = (
					"$(inherited)",
					"@executable_path/Frameworks",
				);
				PRODUCT_BUNDLE_IDENTIFIER = "com.aefons.Opengles-ch02-02";
				PRODUCT_NAME = "$(TARGET_NAME)";
				TARGETED_DEVICE_FAMILY = "1,2";
			};
			name = Debug;
		};
		BA10501E23D595E9000F9893 /* Release */ = {
			isa = XCBuildConfiguration;
			buildSettings = {
				ASSETCATALOG_COMPILER_APPICON_NAME = AppIcon;
				CODE_SIGN_STYLE = Automatic;
				DEVELOPMENT_TEAM = NLRV94SV3R;
				INFOPLIST_FILE = Opengles_ch02_02/Info.plist;
				IPHONEOS_DEPLOYMENT_TARGET = 9.0;
				LD_RUNPATH_SEARCH_PATHS = (
					"$(inherited)",
					"@executable_path/Frameworks",
				);
				PRODUCT_BUNDLE_IDENTIFIER = "com.aefons.Opengles-ch02-02";
				PRODUCT_NAME = "$(TARGET_NAME)";
				TARGETED_DEVICE_FAMILY = "1,2";
			};
			name = Release;
		};
/* End XCBuildConfiguration section */

/* Begin XCConfigurationList section */
		BA104FFE23D595E7000F9893 /* Build configuration list for PBXProject "Opengles_ch02_02" */ = {
			isa = XCConfigurationList;
			buildConfigurations = (
				BA10501A23D595E9000F9893 /* Debug */,
				BA10501B23D595E9000F9893 /* Release */,
			);
			defaultConfigurationIsVisible = 0;
			defaultConfigurationName = Release;
		};
		BA10501C23D595E9000F9893 /* Build configuration list for PBXNativeTarget "Opengles_ch02_02" */ = {
			isa = XCConfigurationList;
			buildConfigurations = (
				BA10501D23D595E9000F9893 /* Debug */,
				BA10501E23D595E9000F9893 /* Release */,
			);
			defaultConfigurationIsVisible = 0;
			defaultConfigurationName = Release;
		};
/* End XCConfigurationList section */
	};
	rootObject = BA104FFB23D595E7000F9893 /* Project object */;
}
