// !$*UTF8*$!
{
	archiveVersion = 1;
	classes = {
	};
	objectVersion = 50;
	objects = {

/* Begin PBXBuildFile section */
		BA104FE323D583BD000F9893 /* AppDelegate.m in Sources */ = {isa = PBXBuildFile; fileRef = BA104FE223D583BD000F9893 /* AppDelegate.m */; };
		BA104FE923D583BD000F9893 /* ViewController.m in Sources */ = {isa = PBXBuildFile; fileRef = BA104FE823D583BD000F9893 /* ViewController.m */; };
		BA104FEC23D583BD000F9893 /* Main.storyboard in Resources */ = {isa = PBXBuildFile; fileRef = BA104FEA23D583BD000F9893 /* Main.storyboard */; };
		BA104FEE23D583BF000F9893 /* Assets.xcassets in Resources */ = {isa = PBXBuildFile; fileRef = BA104FED23D583BF000F9893 /* Assets.xcassets */; };
		BA104FF123D583BF000F9893 /* LaunchScreen.storyboard in Resources */ = {isa = PBXBuildFile; fileRef = BA104FEF23D583BF000F9893 /* LaunchScreen.storyboard */; };
		BA104FF423D583BF000F9893 /* main.m in Sources */ = {isa = PBXBuildFile; fileRef = BA104FF323D583BF000F9893 /* main.m */; };
/* End PBXBuildFile section */

/* Begin PBXFileReference section */
		BA104FDE23D583BD000F9893 /* Opengles_ch_02_01.app */ = {isa = PBXFileReference; explicitFileType = wrapper.application; includeInIndex = 0; path = Opengles_ch_02_01.app; sourceTree = BUILT_PRODUCTS_DIR; };
		BA104FE123D583BD000F9893 /* AppDelegate.h */ = {isa = PBXFileReference; lastKnownFileType = sourcecode.c.h; path = AppDelegate.h; sourceTree = "<group>"; };
		BA104FE223D583BD000F9893 /* AppDelegate.m */ = {isa = PBXFileReference; lastKnownFileType = sourcecode.c.objc; path = AppDelegate.m; sourceTree = "<group>"; };
		BA104FE723D583BD000F9893 /* ViewController.h */ = {isa = PBXFileReference; lastKnownFileType = sourcecode.c.h; path = ViewController.h; sourceTree = "<group>"; };
		BA104FE823D583BD000F9893 /* ViewController.m */ = {isa = PBXFileReference; lastKnownFileType = sourcecode.c.objc; path = ViewController.m; sourceTree = "<group>"; };
		BA104FEB23D583BD000F9893 /* Base */ = {isa = PBXFileReference; lastKnownFileType = file.storyboard; name = Base; path = Base.lproj/Main.storyboard; sourceTree = "<group>"; };
		BA104FED23D583BF000F9893 /* Assets.xcassets */ = {isa = PBXFileReference; lastKnownFileType = folder.assetcatalog; path = Assets.xcassets; sourceTree = "<group>"; };
		BA104FF023D583BF000F9893 /* Base */ = {isa = PBXFileReference; lastKnownFileType = file.storyboard; name = Base; path = Base.lproj/LaunchScreen.storyboard; sourceTree = "<group>"; };
		BA104FF223D583BF000F9893 /* Info.plist */ = {isa = PBXFileReference; lastKnownFileType = text.plist.xml; path = Info.plist; sourceTree = "<group>"; };
		BA104FF323D583BF000F9893 /* main.m */ = {isa = PBXFileReference; lastKnownFileType = sourcecode.c.objc; path = main.m; sourceTree = "<group>"; };
/* End PBXFileReference section */

/* Begin PBXFrameworksBuildPhase section */
		BA104FDB23D583BD000F9893 /* Frameworks */ = {
			isa = PBXFrameworksBuildPhase;
			buildActionMask = 2147483647;
			files = (
			);
			runOnlyForDeploymentPostprocessing = 0;
		};
/* End PBXFrameworksBuildPhase section */

/* Begin PBXGroup section */
		BA104FD523D583BD000F9893 = {
			isa = PBXGroup;
			children = (
				BA104FE023D583BD000F9893 /* Opengles_ch_02_01 */,
				BA104FDF23D583BD000F9893 /* Products */,
			);
			sourceTree = "<group>";
		};
		BA104FDF23D583BD000F9893 /* Products */ = {
			isa = PBXGroup;
			children = (
				BA104FDE23D583BD000F9893 /* Opengles_ch_02_01.app */,
			);
			name = Products;
			sourceTree = "<group>";
		};
		BA104FE023D583BD000F9893 /* Opengles_ch_02_01 */ = {
			isa = PBXGroup;
			children = (
				BA104FE123D583BD000F9893 /* AppDelegate.h */,
				BA104FE223D583BD000F9893 /* AppDelegate.m */,
				BA104FE723D583BD000F9893 /* ViewController.h */,
				BA104FE823D583BD000F9893 /* ViewController.m */,
				BA104FEA23D583BD000F9893 /* Main.storyboard */,
				BA104FED23D583BF000F9893 /* Assets.xcassets */,
				BA104FEF23D583BF000F9893 /* LaunchScreen.storyboard */,
				BA104FF223D583BF000F9893 /* Info.plist */,
				BA104FF323D583BF000F9893 /* main.m */,
			);
			path = Opengles_ch_02_01;
			sourceTree = "<group>";
		};
/* End PBXGroup section */

/* Begin PBXNativeTarget section */
		BA104FDD23D583BD000F9893 /* Opengles_ch_02_01 */ = {
			isa = PBXNativeTarget;
			buildConfigurationList = BA104FF723D583BF000F9893 /* Build configuration list for PBXNativeTarget "Opengles_ch_02_01" */;
			buildPhases = (
				BA104FDA23D583BD000F9893 /* Sources */,
				BA104FDB23D583BD000F9893 /* Frameworks */,
				BA104FDC23D583BD000F9893 /* Resources */,
			);
			buildRules = (
			);
			dependencies = (
			);
			name = Opengles_ch_02_01;
			productName = Opengles_ch_02_01;
			productReference = BA104FDE23D583BD000F9893 /* Opengles_ch_02_01.app */;
			productType = "com.apple.product-type.application";
		};
/* End PBXNativeTarget section */

/* Begin PBXProject section */
		BA104FD623D583BD000F9893 /* Project object */ = {
			isa = PBXProject;
			attributes = {
				LastUpgradeCheck = 1130;
				ORGANIZATIONNAME = "于军振";
				TargetAttributes = {
					BA104FDD23D583BD000F9893 = {
						CreatedOnToolsVersion = 11.3;
					};
				};
			};
			buildConfigurationList = BA104FD923D583BD000F9893 /* Build configuration list for PBXProject "Opengles_ch_02_01" */;
			compatibilityVersion = "Xcode 9.3";
			developmentRegion = en;
			hasScannedForEncodings = 0;
			knownRegions = (
				en,
				Base,
			);
			mainGroup = BA104FD523D583BD000F9893;
			productRefGroup = BA104FDF23D583BD000F9893 /* Products */;
			projectDirPath = "";
			projectRoot = "";
			targets = (
				BA104FDD23D583BD000F9893 /* Opengles_ch_02_01 */,
			);
		};
/* End PBXProject section */

/* Begin PBXResourcesBuildPhase section */
		BA104FDC23D583BD000F9893 /* Resources */ = {
			isa = PBXResourcesBuildPhase;
			buildActionMask = 2147483647;
			files = (
				BA104FF123D583BF000F9893 /* LaunchScreen.storyboard in Resources */,
				BA104FEE23D583BF000F9893 /* Assets.xcassets in Resources */,
				BA104FEC23D583BD000F9893 /* Main.storyboard in Resources */,
			);
			runOnlyForDeploymentPostprocessing = 0;
		};
/* End PBXResourcesBuildPhase section */

/* Begin PBXSourcesBuildPhase section */
		BA104FDA23D583BD000F9893 /* Sources */ = {
			isa = PBXSourcesBuildPhase;
			buildActionMask = 2147483647;
			files = (
				BA104FE923D583BD000F9893 /* ViewController.m in Sources */,
				BA104FE323D583BD000F9893 /* AppDelegate.m in Sources */,
				BA104FF423D583BF000F9893 /* main.m in Sources */,
			);
			runOnlyForDeploymentPostprocessing = 0;
		};
/* End PBXSourcesBuildPhase section */

/* Begin PBXVariantGroup section */
		BA104FEA23D583BD000F9893 /* Main.storyboard */ = {
			isa = PBXVariantGroup;
			children = (
				BA104FEB23D583BD000F9893 /* Base */,
			);
			name = Main.storyboard;
			sourceTree = "<group>";
		};
		BA104FEF23D583BF000F9893 /* LaunchScreen.storyboard */ = {
			isa = PBXVariantGroup;
			children = (
				BA104FF023D583BF000F9893 /* Base */,
			);
			name = LaunchScreen.storyboard;
			sourceTree = "<group>";
		};
/* End PBXVariantGroup section */

/* Begin XCBuildConfiguration section */
		BA104FF523D583BF000F9893 /* Debug */ = {
			isa = XCBuildConfiguration;
			buildSettings = {
				ALWAYS_SEARCH_USER_PATHS = NO;
				CLANG_ANALYZER_NONNULL = YES;
				CLANG_ANALYZER_NUMBER_OBJECT_CONVERSION = YES_AGGRESSIVE;
				CLANG_CXX_LANGUAGE_STANDARD = "gnu++14";
				CLANG_CXX_LIBRARY = "libc++";
				CLANG_ENABLE_MODULES = YES;
				CLANG_ENABLE_OBJC_ARC = YES;
				CLANG_ENABLE_OBJC_WEAK = YES;
				CLANG_WARN_BLOCK_CAPTURE_AUTORELEASING = YES;
				CLANG_WARN_BOOL_CONVERSION = YES;
				CLANG_WARN_COMMA = YES;
				CLANG_WARN_CONSTANT_CONVERSION = YES;
				CLANG_WARN_DEPRECATED_OBJC_IMPLEMENTATIONS = YES;
				CLANG_WARN_DIRECT_OBJC_ISA_USAGE = YES_ERROR;
				CLANG_WARN_DOCUMENTATION_COMMENTS = YES;
				CLANG_WARN_EMPTY_BODY = YES;
				CLANG_WARN_ENUM_CONVERSION = YES;
				CLANG_WARN_INFINITE_RECURSION = YES;
				CLANG_WARN_INT_CONVERSION = YES;
				CLANG_WARN_NON_LITERAL_NULL_CONVERSION = YES;
				CLANG_WARN_OBJC_IMPLICIT_RETAIN_SELF = YES;
				CLANG_WARN_OBJC_LITERAL_CONVERSION = YES;
				CLANG_WARN_OBJC_ROOT_CLASS = YES_ERROR;
				CLANG_WARN_RANGE_LOOP_ANALYSIS = YES;
				CLANG_WARN_STRICT_PROTOTYPES = YES;
				CLANG_WARN_SUSPICIOUS_MOVE = YES;
				CLANG_WARN_UNGUARDED_AVAILABILITY = YES_AGGRESSIVE;
				CLANG_WARN_UNREACHABLE_CODE = YES;
				CLANG_WARN__DUPLICATE_METHOD_MATCH = YES;
				COPY_PHASE_STRIP = NO;
				DEBUG_INFORMATION_FORMAT = dwarf;
				ENABLE_STRICT_OBJC_MSGSEND = YES;
				ENABLE_TESTABILITY = YES;
				GCC_C_LANGUAGE_STANDARD = gnu11;
				GCC_DYNAMIC_NO_PIC = NO;
				GCC_NO_COMMON_BLOCKS = YES;
				GCC_OPTIMIZATION_LEVEL = 0;
				GCC_PREPROCESSOR_DEFINITIONS = (
					"DEBUG=1",
					"$(inherited)",
				);
				GCC_WARN_64_TO_32_BIT_CONVERSION = YES;
				GCC_WARN_ABOUT_RETURN_TYPE = YES_ERROR;
				GCC_WARN_UNDECLARED_SELECTOR = YES;
				GCC_WARN_UNINITIALIZED_AUTOS = YES_AGGRESSIVE;
				GCC_WARN_UNUSED_FUNCTION = YES;
				GCC_WARN_UNUSED_VARIABLE = YES;
				IPHONEOS_DEPLOYMENT_TARGET = 9.0;
				MTL_ENABLE_DEBUG_INFO = INCLUDE_SOURCE;
				MTL_FAST_MATH = YES;
				ONLY_ACTIVE_ARCH = YES;
				SDKROOT = iphoneos;
			};
			name = Debug;
		};
		BA104FF623D583BF000F9893 /* Release */ = {
			isa = XCBuildConfiguration;
			buildSettings = {
				ALWAYS_SEARCH_USER_PATHS = NO;
				CLANG_ANALYZER_NONNULL = YES;
				CLANG_ANALYZER_NUMBER_OBJECT_CONVERSION = YES_AGGRESSIVE;
				CLANG_CXX_LANGUAGE_STANDARD = "gnu++14";
				CLANG_CXX_LIBRARY = "libc++";
				CLANG_ENABLE_MODULES = YES;
				CLANG_ENABLE_OBJC_ARC = YES;
				CLANG_ENABLE_OBJC_WEAK = YES;
				CLANG_WARN_BLOCK_CAPTURE_AUTORELEASING = YES;
				CLANG_WARN_BOOL_CONVERSION = YES;
				CLANG_WARN_COMMA = YES;
				CLANG_WARN_CONSTANT_CONVERSION = YES;
				CLANG_WARN_DEPRECATED_OBJC_IMPLEMENTATIONS = YES;
				CLANG_WARN_DIRECT_OBJC_ISA_USAGE = YES_ERROR;
				CLANG_WARN_DOCUMENTATION_COMMENTS = YES;
				CLANG_WARN_EMPTY_BODY = YES;
				CLANG_WARN_ENUM_CONVERSION = YES;
				CLANG_WARN_INFINITE_RECURSION = YES;
				CLANG_WARN_INT_CONVERSION = YES;
				CLANG_WARN_NON_LITERAL_NULL_CONVERSION = YES;
				CLANG_WARN_OBJC_IMPLICIT_RETAIN_SELF = YES;
				CLANG_WARN_OBJC_LITERAL_CONVERSION = YES;
				CLANG_WARN_OBJC_ROOT_CLASS = YES_ERROR;
				CLANG_WARN_RANGE_LOOP_ANALYSIS = YES;
				CLANG_WARN_STRICT_PROTOTYPES = YES;
				CLANG_WARN_SUSPICIOUS_MOVE = YES;
				CLANG_WARN_UNGUARDED_AVAILABILITY = YES_AGGRESSIVE;
				CLANG_WARN_UNREACHABLE_CODE = YES;
				CLANG_WARN__DUPLICATE_METHOD_MATCH = YES;
				COPY_PHASE_STRIP = NO;
				DEBUG_INFORMATION_FORMAT = "dwarf-with-dsym";
				ENABLE_NS_ASSERTIONS = NO;
				ENABLE_STRICT_OBJC_MSGSEND = YES;
				GCC_C_LANGUAGE_STANDARD = gnu11;
				GCC_NO_COMMON_BLOCKS = YES;
				GCC_WARN_64_TO_32_BIT_CONVERSION = YES;
				GCC_WARN_ABOUT_RETURN_TYPE = YES_ERROR;
				GCC_WARN_UNDECLARED_SELECTOR = YES;
				GCC_WARN_UNINITIALIZED_AUTOS = YES_AGGRESSIVE;
				GCC_WARN_UNUSED_FUNCTION = YES;
				GCC_WARN_UNUSED_VARIABLE = YES;
				IPHONEOS_DEPLOYMENT_TARGET = 9.0;
				MTL_ENABLE_DEBUG_INFO = NO;
				MTL_FAST_MATH = YES;
				SDKROOT = iphoneos;
				VALIDATE_PRODUCT = YES;
			};
			name = Release;
		};
		BA104FF823D583BF000F9893 /* Debug */ = {
			isa = XCBuildConfiguration;
			buildSettings = {
				ASSETCATALOG_COMPILER_APPICON_NAME = AppIcon;
				CODE_SIGN_STYLE = Automatic;
				DEVELOPMENT_TEAM = NLRV94SV3R;
				INFOPLIST_FILE = Opengles_ch_02_01/Info.plist;
				LD_RUNPATH_SEARCH_PATHS = (
					"$(inherited)",
					"@executable_path/Frameworks",
				);
				PRODUCT_BUNDLE_IDENTIFIER = "com.aefons.Opengles-ch-02-01";
				PRODUCT_NAME = "$(TARGET_NAME)";
				TARGETED_DEVICE_FAMILY = 1;
			};
			name = Debug;
		};
		BA104FF923D583BF000F9893 /* Release */ = {
			isa = XCBuildConfiguration;
			buildSettings = {
				ASSETCATALOG_COMPILER_APPICON_NAME = AppIcon;
				CODE_SIGN_STYLE = Automatic;
				DEVELOPMENT_TEAM = NLRV94SV3R;
				INFOPLIST_FILE = Opengles_ch_02_01/Info.plist;
				LD_RUNPATH_SEARCH_PATHS = (
					"$(inherited)",
					"@executable_path/Frameworks",
				);
				PRODUCT_BUNDLE_IDENTIFIER = "com.aefons.Opengles-ch-02-01";
				PRODUCT_NAME = "$(TARGET_NAME)";
				TARGETED_DEVICE_FAMILY = 1;
			};
			name = Release;
		};
/* End XCBuildConfiguration section */

/* Begin XCConfigurationList section */
		BA104FD923D583BD000F9893 /* Build configuration list for PBXProject "Opengles_ch_02_01" */ = {
			isa = XCConfigurationList;
			buildConfigurations = (
				BA104FF523D583BF000F9893 /* Debug */,
				BA104FF623D583BF000F9893 /* Release */,
			);
			defaultConfigurationIsVisible = 0;
			defaultConfigurationName = Release;
		};
		BA104FF723D583BF000F9893 /* Build configuration list for PBXNativeTarget "Opengles_ch_02_01" */ = {
			isa = XCConfigurationList;
			buildConfigurations = (
				BA104FF823D583BF000F9893 /* Debug */,
				BA104FF923D583BF000F9893 /* Release */,
			);
			defaultConfigurationIsVisible = 0;
			defaultConfigurationName = Release;
		};
/* End XCConfigurationList section */
	};
	rootObject = BA104FD623D583BD000F9893 /* Project object */;
}
